
Microsoft Visual Studio Solution File, Format Version 12.00
# Visual Studio Version 16
VisualStudioVersion = 16.0.31424.327
MinimumVisualStudioVersion = 10.0.40219.1
Project("{8BC9CEB8-8B4A-11D0-8D11-00A0C91BC942}") = "perf", "perf.vcxproj", "{0E94C4DC-027C-4ED8-BCCB-4DF81F1BFD50}"
EndProject
Project("{8BC9CEB8-8B4A-11D0-8D11-00A0C91BC942}") = "perf_test", "perf_test.vcxproj", "{CCF890C9-522A-463E-916D-09DAEE80BD5F}"
	ProjectSection(ProjectDependencies) = postProject
		{0E94C4DC-027C-4ED8-BCCB-4DF81F1BFD50} = {0E94C4DC-027C-4ED8-BCCB-4DF81F1BFD50}
	EndProjectSection
EndProject
Global
	GlobalSection(SolutionConfigurationPlatforms) = preSolution
		Debug|x64 = Debug|x64
		Debug|x86 = Debug|x86
		Release|x64 = Release|x64
		Release|x86 = Release|x86
	EndGlobalSection
	GlobalSection(ProjectConfigurationPlatforms) = postSolution
		{0E94C4DC-027C-4ED8-BCCB-4DF81F1BFD50}.Debug|x64.ActiveCfg = Debug|x64
		{0E94C4DC-027C-4ED8-BCCB-4DF81F1BFD50}.Debug|x64.Build.0 = Debug|x64
		{0E94C4DC-027C-4ED8-BCCB-4DF81F1BFD50}.Debug|x64.Deploy.0 = Debug|x64
		{0E94C4DC-027C-4ED8-BCCB-4DF81F1BFD50}.Debug|x86.ActiveCfg = Debug|x86
		{0E94C4DC-027C-4ED8-BCCB-4DF81F1BFD50}.Debug|x86.Build.0 = Debug|x86
		{0E94C4DC-027C-4ED8-BCCB-4DF81F1BFD50}.Debug|x86.Deploy.0 = Debug|x86
		{0E94C4DC-027C-4ED8-BCCB-4DF81F1BFD50}.Release|x64.ActiveCfg = Release|x64
		{0E94C4DC-027C-4ED8-BCCB-4DF81F1BFD50}.Release|x64.Build.0 = Release|x64
		{0E94C4DC-027C-4ED8-BCCB-4DF81F1BFD50}.Release|x64.Deploy.0 = Release|x64
		{0E94C4DC-027C-4ED8-BCCB-4DF81F1BFD50}.Release|x86.ActiveCfg = Release|x86
		{0E94C4DC-027C-4ED8-BCCB-4DF81F1BFD50}.Release|x86.Build.0 = Release|x86
		{0E94C4DC-027C-4ED8-BCCB-4DF81F1BFD50}.Release|x86.Deploy.0 = Release|x86
		{CCF890C9-522A-463E-916D-09DAEE80BD5F}.Debug|x64.ActiveCfg = Debug|x64
		{CCF890C9-522A-463E-916D-09DAEE80BD5F}.Debug|x64.Build.0 = Debug|x64
		{CCF890C9-522A-463E-916D-09DAEE80BD5F}.Debug|x64.Deploy.0 = Debug|x64
		{CCF890C9-522A-463E-916D-09DAEE80BD5F}.Debug|x86.ActiveCfg = Debug|x86
		{CCF890C9-522A-463E-916D-09DAEE80BD5F}.Debug|x86.Build.0 = Debug|x86
		{CCF890C9-522A-463E-916D-09DAEE80BD5F}.Debug|x86.Deploy.0 = Debug|x86
		{CCF890C9-522A-463E-916D-09DAEE80BD5F}.Release|x64.ActiveCfg = Release|x64
		{CCF890C9-522A-463E-916D-09DAEE80BD5F}.Release|x64.Build.0 = Release|x64
		{CCF890C9-522A-463E-916D-09DAEE80BD5F}.Release|x64.Deploy.0 = Release|x64
		{CCF890C9-522A-463E-916D-09DAEE80BD5F}.Release|x86.ActiveCfg = Release|x86
		{CCF890C9-522A-463E-916D-09DAEE80BD5F}.Release|x86.Build.0 = Release|x86
		{CCF890C9-522A-463E-916D-09DAEE80BD5F}.Release|x86.Deploy.0 = Release|x86
	EndGlobalSection
	GlobalSection(SolutionProperties) = preSolution
		HideSolutionNode = FALSE
	EndGlobalSection
	GlobalSection(ExtensibilityGlobals) = postSolution
		SolutionGuid = {215E1438-21E6-454F-BFAD-9E530D8CCF2E}
	EndGlobalSection
EndGlobal
